
Microsoft Visual Studio Solution File, Format Version 12.00
# Visual Studio 14
VisualStudioVersion = 14.0.23107.0
MinimumVisualStudioVersion = 10.0.40219.1
Project("{FAE04EC0-301F-11D3-BF4B-00C04F79EFBC}") = "helloserve.com.AdventOfCode", "helloserve.com.AdventOfCode\helloserve.com.AdventOfCode.csproj", "{1850528A-02A7-4BAE-9041-899BA9530366}"
EndProject
Project("{FAE04EC0-301F-11D3-BF4B-00C04F79EFBC}") = "helloserve.com.AdventOfCode.Test", "helloserve.com.AdventOfCode.Test\helloserve.com.AdventOfCode.Test.csproj", "{4E9E8405-A03D-4C72-A06B-43A37871AA10}"
EndProject
Project("{2150E333-8FDC-42A3-9474-1A3956D46DE8}") = "Solution Items", "Solution Items", "{C70F0351-9697-4BEA-835A-8C9C29B7C85D}"
	ProjectSection(SolutionItems) = preProject
		.gitignore = .gitignore
		README.md = README.md
	EndProjectSection
EndProject
Global
	GlobalSection(SolutionConfigurationPlatforms) = preSolution
		Debug|Any CPU = Debug|Any CPU
		Release|Any CPU = Release|Any CPU
	EndGlobalSection
	GlobalSection(ProjectConfigurationPlatforms) = postSolution
		{1850528A-02A7-4BAE-9041-899BA9530366}.Debug|Any CPU.ActiveCfg = Debug|Any CPU
		{1850528A-02A7-4BAE-9041-899BA9530366}.Debug|Any CPU.Build.0 = Debug|Any CPU
		{1850528A-02A7-4BAE-9041-899BA9530366}.Release|Any CPU.ActiveCfg = Release|Any CPU
		{1850528A-02A7-4BAE-9041-899BA9530366}.Release|Any CPU.Build.0 = Release|Any CPU
		{4E9E8405-A03D-4C72-A06B-43A37871AA10}.Debug|Any CPU.ActiveCfg = Debug|Any CPU
		{4E9E8405-A03D-4C72-A06B-43A37871AA10}.Debug|Any CPU.Build.0 = Debug|Any CPU
		{4E9E8405-A03D-4C72-A06B-43A37871AA10}.Release|Any CPU.ActiveCfg = Release|Any CPU
		{4E9E8405-A03D-4C72-A06B-43A37871AA10}.Release|Any CPU.Build.0 = Release|Any CPU
	EndGlobalSection
	GlobalSection(SolutionProperties) = preSolution
		HideSolutionNode = FALSE
	EndGlobalSection
EndGlobal
